Microsoft Visual Studio Solution File, Format Version 12.00
# Visual Studio Version 17
VisualStudioVersion = 17.0.31903.59
MinimumVisualStudioVersion = 10.0.40219.1
Project("{9A19103F-16F7-4668-BE54-9A1E7A4F7556}") = "RobloxPriceTracker.Core", "src\RobloxPriceTracker.Core\RobloxPriceTracker.Core.csproj", "{5AEE8A6C-53BD-47F4-8E5E-2153318C67D8}"
EndProject
Project("{9A19103F-16F7-4668-BE54-9A1E7A4F7556}") = "RobloxPriceTracker.Infrastructure", "src\RobloxPriceTracker.Infrastructure\RobloxPriceTracker.Infrastructure.csproj", "{18C50299-C250-4B25-AB6B-A3485226A55F}"
EndProject
Project("{9A19103F-16F7-4668-BE54-9A1E7A4F7556}") = "RobloxPriceTracker.Cli", "src\RobloxPriceTracker.Cli\RobloxPriceTracker.Cli.csproj", "{19E726A1-8C76-43F6-A577-5995E8218021}"
EndProject
Project("{9A19103F-16F7-4668-BE54-9A1E7A4F7556}") = "RobloxPriceTracker.SelfTest", "tests\RobloxPriceTracker.SelfTest\RobloxPriceTracker.SelfTest.csproj", "{DD23F3AA-8B09-47F9-9C2F-8A82C3D59240}"
EndProject
Project("{9A19103F-16F7-4668-BE54-9A1E7A4F7556}") = "RobloxPriceTracker.Gui", "src\RobloxPriceTracker.Gui\RobloxPriceTracker.Gui.csproj", "{A21DAE4B-3FE3-4B3B-9046-92A35C97C88F}"
EndProject
Global
	GlobalSection(SolutionConfigurationPlatforms) = preSolution
		Debug|Any CPU = Debug|Any CPU
		Release|Any CPU = Release|Any CPU
	EndGlobalSection
	GlobalSection(ProjectConfigurationPlatforms) = postSolution
		{A21DAE4B-3FE3-4B3B-9046-92A35C97C88F}.Debug|Any CPU.ActiveCfg = Debug|Any CPU
		{A21DAE4B-3FE3-4B3B-9046-92A35C97C88F}.Debug|Any CPU.Build.0 = Debug|Any CPU
		{A21DAE4B-3FE3-4B3B-9046-92A35C97C88F}.Release|Any CPU.ActiveCfg = Release|Any CPU
		{A21DAE4B-3FE3-4B3B-9046-92A35C97C88F}.Release|Any CPU.Build.0 = Release|Any CPU
		{5AEE8A6C-53BD-47F4-8E5E-2153318C67D8}.Debug|Any CPU.ActiveCfg = Debug|Any CPU
		{5AEE8A6C-53BD-47F4-8E5E-2153318C67D8}.Debug|Any CPU.Build.0 = Debug|Any CPU
		{5AEE8A6C-53BD-47F4-8E5E-2153318C67D8}.Release|Any CPU.ActiveCfg = Release|Any CPU
		{5AEE8A6C-53BD-47F4-8E5E-2153318C67D8}.Release|Any CPU.Build.0 = Release|Any CPU
		{18C50299-C250-4B25-AB6B-A3485226A55F}.Debug|Any CPU.ActiveCfg = Debug|Any CPU
		{18C50299-C250-4B25-AB6B-A3485226A55F}.Debug|Any CPU.Build.0 = Debug|Any CPU
		{18C50299-C250-4B25-AB6B-A3485226A55F}.Release|Any CPU.ActiveCfg = Release|Any CPU
		{18C50299-C250-4B25-AB6B-A3485226A55F}.Release|Any CPU.Build.0 = Release|Any CPU
		{19E726A1-8C76-43F6-A577-5995E8218021}.Debug|Any CPU.ActiveCfg = Debug|Any CPU
		{19E726A1-8C76-43F6-A577-5995E8218021}.Debug|Any CPU.Build.0 = Debug|Any CPU
		{19E726A1-8C76-43F6-A577-5995E8218021}.Release|Any CPU.ActiveCfg = Release|Any CPU
		{19E726A1-8C76-43F6-A577-5995E8218021}.Release|Any CPU.Build.0 = Release|Any CPU
		{DD23F3AA-8B09-47F9-9C2F-8A82C3D59240}.Debug|Any CPU.ActiveCfg = Debug|Any CPU
		{DD23F3AA-8B09-47F9-9C2F-8A82C3D59240}.Debug|Any CPU.Build.0 = Debug|Any CPU
		{DD23F3AA-8B09-47F9-9C2F-8A82C3D59240}.Release|Any CPU.ActiveCfg = Release|Any CPU
		{DD23F3AA-8B09-47F9-9C2F-8A82C3D59240}.Release|Any CPU.Build.0 = Release|Any CPU
	EndGlobalSection
EndGlobal
